// !$*UTF8*$!
{
	archiveVersion = 1;
	classes = {
	};
	objectVersion = 55;
	objects = {

/* Begin PBXBuildFile section */
		CD64011D28316D9600B2EA5F /* AppDelegate.swift in Sources */ = {isa = PBXBuildFile; fileRef = CD64011C28316D9600B2EA5F /* AppDelegate.swift */; };
		CD64011F28316D9600B2EA5F /* SceneDelegate.swift in Sources */ = {isa = PBXBuildFile; fileRef = CD64011E28316D9600B2EA5F /* SceneDelegate.swift */; };
		CD64012128316D9600B2EA5F /* AccountListViewController.swift in Sources */ = {isa = PBXBuildFile; fileRef = CD64012028316D9600B2EA5F /* AccountListViewController.swift */; };
		CD64012628316D9700B2EA5F /* Assets.xcassets in Resources */ = {isa = PBXBuildFile; fileRef = CD64012528316D9700B2EA5F /* Assets.xcassets */; };
		CD64012928316D9700B2EA5F /* LaunchScreen.storyboard in Resources */ = {isa = PBXBuildFile; fileRef = CD64012728316D9700B2EA5F /* LaunchScreen.storyboard */; };
		CD64013428316D9700B2EA5F /* iOS_DemoTests.swift in Sources */ = {isa = PBXBuildFile; fileRef = CD64013328316D9700B2EA5F /* iOS_DemoTests.swift */; };
		CD64013E28316D9800B2EA5F /* iOS_DemoUITests.swift in Sources */ = {isa = PBXBuildFile; fileRef = CD64013D28316D9800B2EA5F /* iOS_DemoUITests.swift */; };
		CD64014028316D9800B2EA5F /* iOS_DemoUITestsLaunchTests.swift in Sources */ = {isa = PBXBuildFile; fileRef = CD64013F28316D9800B2EA5F /* iOS_DemoUITestsLaunchTests.swift */; };
		CD64014D28316DE000B2EA5F /* AccountsFlowController.swift in Sources */ = {isa = PBXBuildFile; fileRef = CD64014C28316DE000B2EA5F /* AccountsFlowController.swift */; };
		CD64015028316E3300B2EA5F /* Transaction.swift in Sources */ = {isa = PBXBuildFile; fileRef = CD64014F28316E3300B2EA5F /* Transaction.swift */; };
		CD64015228316E6600B2EA5F /* API.swift in Sources */ = {isa = PBXBuildFile; fileRef = CD64015128316E6600B2EA5F /* API.swift */; };
		CD64015928316F1300B2EA5F /* Endpoint.swift in Sources */ = {isa = PBXBuildFile; fileRef = CD64015828316F1300B2EA5F /* Endpoint.swift */; };
		CD64015C28316F3200B2EA5F /* Session.swift in Sources */ = {isa = PBXBuildFile; fileRef = CD64015B28316F3200B2EA5F /* Session.swift */; };
		CD64015F28316F6900B2EA5F /* SessionManager.swift in Sources */ = {isa = PBXBuildFile; fileRef = CD64015E28316F6900B2EA5F /* SessionManager.swift */; };
		CD64016128316FA300B2EA5F /* User.swift in Sources */ = {isa = PBXBuildFile; fileRef = CD64016028316FA300B2EA5F /* User.swift */; };
		CD64016328316FDE00B2EA5F /* KeychainProtocol.swift in Sources */ = {isa = PBXBuildFile; fileRef = CD64016228316FDE00B2EA5F /* KeychainProtocol.swift */; };
		CD6401662831701400B2EA5F /* KeychainAccess in Frameworks */ = {isa = PBXBuildFile; productRef = CD6401652831701400B2EA5F /* KeychainAccess */; };
		CD6401692831704700B2EA5F /* String+Extensions.swift in Sources */ = {isa = PBXBuildFile; fileRef = CD6401682831704700B2EA5F /* String+Extensions.swift */; };
		CD64016B2831706F00B2EA5F /* URLSession+Compatibility.swift in Sources */ = {isa = PBXBuildFile; fileRef = CD64016A2831706F00B2EA5F /* URLSession+Compatibility.swift */; };
		CD64016D2831732000B2EA5F /* URLRequest+cURL.swift in Sources */ = {isa = PBXBuildFile; fileRef = CD64016C2831732000B2EA5F /* URLRequest+cURL.swift */; };
		CD64016F283174DD00B2EA5F /* Data+Extensions.swift in Sources */ = {isa = PBXBuildFile; fileRef = CD64016E283174DD00B2EA5F /* Data+Extensions.swift */; };
		CD6401712831757900B2EA5F /* UIViewController+Extensions.swift in Sources */ = {isa = PBXBuildFile; fileRef = CD6401702831757900B2EA5F /* UIViewController+Extensions.swift */; };
		CD640173283175A000B2EA5F /* AccountDetailViewController.swift in Sources */ = {isa = PBXBuildFile; fileRef = CD640172283175A000B2EA5F /* AccountDetailViewController.swift */; };
		CD6401792831897400B2EA5F /* AccountListViewModel.swift in Sources */ = {isa = PBXBuildFile; fileRef = CD6401782831897400B2EA5F /* AccountListViewModel.swift */; };
		CD64017C283189C600B2EA5F /* AccountListAPI.swift in Sources */ = {isa = PBXBuildFile; fileRef = CD64017B283189C600B2EA5F /* AccountListAPI.swift */; };
		CD64017F283189E300B2EA5F /* Account.swift in Sources */ = {isa = PBXBuildFile; fileRef = CD64017E283189E300B2EA5F /* Account.swift */; };
		CD64018128318A2E00B2EA5F /* AccountViewModel.swift in Sources */ = {isa = PBXBuildFile; fileRef = CD64018028318A2E00B2EA5F /* AccountViewModel.swift */; };
		CD64018428318E9F00B2EA5F /* AccountCollectionViewCell.swift in Sources */ = {isa = PBXBuildFile; fileRef = CD64018328318E9F00B2EA5F /* AccountCollectionViewCell.swift */; };
		CD64018628318EC900B2EA5F /* UIView+Extensions.swift in Sources */ = {isa = PBXBuildFile; fileRef = CD64018528318EC900B2EA5F /* UIView+Extensions.swift */; };
/* End PBXBuildFile section */

/* Begin PBXContainerItemProxy section */
		CD64013028316D9700B2EA5F /* PBXContainerItemProxy */ = {
			isa = PBXContainerItemProxy;
			containerPortal = CD64011128316D9600B2EA5F /* Project object */;
			proxyType = 1;
			remoteGlobalIDString = CD64011828316D9600B2EA5F;
			remoteInfo = "iOS Demo";
		};
		CD64013A28316D9800B2EA5F /* PBXContainerItemProxy */ = {
			isa = PBXContainerItemProxy;
			containerPortal = CD64011128316D9600B2EA5F /* Project object */;
			proxyType = 1;
			remoteGlobalIDString = CD64011828316D9600B2EA5F;
			remoteInfo = "iOS Demo";
		};
/* End PBXContainerItemProxy section */

/* Begin PBXFileReference section */
		CD64011928316D9600B2EA5F /* iOS Demo.app */ = {isa = PBXFileReference; explicitFileType = wrapper.application; includeInIndex = 0; path = "iOS Demo.app"; sourceTree = BUILT_PRODUCTS_DIR; };
		CD64011C28316D9600B2EA5F /* AppDelegate.swift */ = {isa = PBXFileReference; lastKnownFileType = sourcecode.swift; path = AppDelegate.swift; sourceTree = "<group>"; };
		CD64011E28316D9600B2EA5F /* SceneDelegate.swift */ = {isa = PBXFileReference; lastKnownFileType = sourcecode.swift; path = SceneDelegate.swift; sourceTree = "<group>"; };
		CD64012028316D9600B2EA5F /* AccountListViewController.swift */ = {isa = PBXFileReference; lastKnownFileType = sourcecode.swift; path = AccountListViewController.swift; sourceTree = "<group>"; };
		CD64012528316D9700B2EA5F /* Assets.xcassets */ = {isa = PBXFileReference; lastKnownFileType = folder.assetcatalog; path = Assets.xcassets; sourceTree = "<group>"; };
		CD64012828316D9700B2EA5F /* Base */ = {isa = PBXFileReference; lastKnownFileType = file.storyboard; name = Base; path = Base.lproj/LaunchScreen.storyboard; sourceTree = "<group>"; };
		CD64012A28316D9700B2EA5F /* Info.plist */ = {isa = PBXFileReference; lastKnownFileType = text.plist.xml; path = Info.plist; sourceTree = "<group>"; };
		CD64012F28316D9700B2EA5F /* iOS DemoTests.xctest */ = {isa = PBXFileReference; explicitFileType = wrapper.cfbundle; includeInIndex = 0; path = "iOS DemoTests.xctest"; sourceTree = BUILT_PRODUCTS_DIR; };
		CD64013328316D9700B2EA5F /* iOS_DemoTests.swift */ = {isa = PBXFileReference; lastKnownFileType = sourcecode.swift; path = iOS_DemoTests.swift; sourceTree = "<group>"; };
		CD64013928316D9800B2EA5F /* iOS DemoUITests.xctest */ = {isa = PBXFileReference; explicitFileType = wrapper.cfbundle; includeInIndex = 0; path = "iOS DemoUITests.xctest"; sourceTree = BUILT_PRODUCTS_DIR; };
		CD64013D28316D9800B2EA5F /* iOS_DemoUITests.swift */ = {isa = PBXFileReference; lastKnownFileType = sourcecode.swift; path = iOS_DemoUITests.swift; sourceTree = "<group>"; };
		CD64013F28316D9800B2EA5F /* iOS_DemoUITestsLaunchTests.swift */ = {isa = PBXFileReference; lastKnownFileType = sourcecode.swift; path = iOS_DemoUITestsLaunchTests.swift; sourceTree = "<group>"; };
		CD64014C28316DE000B2EA5F /* AccountsFlowController.swift */ = {isa = PBXFileReference; lastKnownFileType = sourcecode.swift; path = AccountsFlowController.swift; sourceTree = "<group>"; };
		CD64014F28316E3300B2EA5F /* Transaction.swift */ = {isa = PBXFileReference; lastKnownFileType = sourcecode.swift; path = Transaction.swift; sourceTree = "<group>"; };
		CD64015128316E6600B2EA5F /* API.swift */ = {isa = PBXFileReference; lastKnownFileType = sourcecode.swift; path = API.swift; sourceTree = "<group>"; };
		CD64015828316F1300B2EA5F /* Endpoint.swift */ = {isa = PBXFileReference; lastKnownFileType = sourcecode.swift; path = Endpoint.swift; sourceTree = "<group>"; };
		CD64015B28316F3200B2EA5F /* Session.swift */ = {isa = PBXFileReference; lastKnownFileType = sourcecode.swift; path = Session.swift; sourceTree = "<group>"; };
		CD64015E28316F6900B2EA5F /* SessionManager.swift */ = {isa = PBXFileReference; lastKnownFileType = sourcecode.swift; path = SessionManager.swift; sourceTree = "<group>"; };
		CD64016028316FA300B2EA5F /* User.swift */ = {isa = PBXFileReference; lastKnownFileType = sourcecode.swift; path = User.swift; sourceTree = "<group>"; };
		CD64016228316FDE00B2EA5F /* KeychainProtocol.swift */ = {isa = PBXFileReference; lastKnownFileType = sourcecode.swift; path = KeychainProtocol.swift; sourceTree = "<group>"; };
		CD6401682831704700B2EA5F /* String+Extensions.swift */ = {isa = PBXFileReference; lastKnownFileType = sourcecode.swift; path = "String+Extensions.swift"; sourceTree = "<group>"; };
		CD64016A2831706F00B2EA5F /* URLSession+Compatibility.swift */ = {isa = PBXFileReference; lastKnownFileType = sourcecode.swift; path = "URLSession+Compatibility.swift"; sourceTree = "<group>"; };
		CD64016C2831732000B2EA5F /* URLRequest+cURL.swift */ = {isa = PBXFileReference; lastKnownFileType = sourcecode.swift; path = "URLRequest+cURL.swift"; sourceTree = "<group>"; };
		CD64016E283174DD00B2EA5F /* Data+Extensions.swift */ = {isa = PBXFileReference; lastKnownFileType = sourcecode.swift; path = "Data+Extensions.swift"; sourceTree = "<group>"; };
		CD6401702831757900B2EA5F /* UIViewController+Extensions.swift */ = {isa = PBXFileReference; lastKnownFileType = sourcecode.swift; path = "UIViewController+Extensions.swift"; sourceTree = "<group>"; };
		CD640172283175A000B2EA5F /* AccountDetailViewController.swift */ = {isa = PBXFileReference; lastKnownFileType = sourcecode.swift; path = AccountDetailViewController.swift; sourceTree = "<group>"; };
		CD6401782831897400B2EA5F /* AccountListViewModel.swift */ = {isa = PBXFileReference; lastKnownFileType = sourcecode.swift; path = AccountListViewModel.swift; sourceTree = "<group>"; };
		CD64017B283189C600B2EA5F /* AccountListAPI.swift */ = {isa = PBXFileReference; lastKnownFileType = sourcecode.swift; path = AccountListAPI.swift; sourceTree = "<group>"; };
		CD64017E283189E300B2EA5F /* Account.swift */ = {isa = PBXFileReference; lastKnownFileType = sourcecode.swift; path = Account.swift; sourceTree = "<group>"; };
		CD64018028318A2E00B2EA5F /* AccountViewModel.swift */ = {isa = PBXFileReference; lastKnownFileType = sourcecode.swift; path = AccountViewModel.swift; sourceTree = "<group>"; };
		CD64018328318E9F00B2EA5F /* AccountCollectionViewCell.swift */ = {isa = PBXFileReference; lastKnownFileType = sourcecode.swift; path = AccountCollectionViewCell.swift; sourceTree = "<group>"; };
		CD64018528318EC900B2EA5F /* UIView+Extensions.swift */ = {isa = PBXFileReference; lastKnownFileType = sourcecode.swift; path = "UIView+Extensions.swift"; sourceTree = "<group>"; };
		CD6401872832260000B2EA5F /* README.md */ = {isa = PBXFileReference; lastKnownFileType = net.daringfireball.markdown; path = README.md; sourceTree = "<group>"; };
/* End PBXFileReference section */

/* Begin PBXFrameworksBuildPhase section */
		CD64011628316D9600B2EA5F /* Frameworks */ = {
			isa = PBXFrameworksBuildPhase;
			buildActionMask = 2147483647;
			files = (
				CD6401662831701400B2EA5F /* KeychainAccess in Frameworks */,
			);
			runOnlyForDeploymentPostprocessing = 0;
		};
		CD64012C28316D9700B2EA5F /* Frameworks */ = {
			isa = PBXFrameworksBuildPhase;
			buildActionMask = 2147483647;
			files = (
			);
			runOnlyForDeploymentPostprocessing = 0;
		};
		CD64013628316D9800B2EA5F /* Frameworks */ = {
			isa = PBXFrameworksBuildPhase;
			buildActionMask = 2147483647;
			files = (
			);
			runOnlyForDeploymentPostprocessing = 0;
		};
/* End PBXFrameworksBuildPhase section */

/* Begin PBXGroup section */
		CD64011028316D9600B2EA5F = {
			isa = PBXGroup;
			children = (
				CD6401872832260000B2EA5F /* README.md */,
				CD64011B28316D9600B2EA5F /* iOS Demo */,
				CD64013228316D9700B2EA5F /* iOS DemoTests */,
				CD64013C28316D9800B2EA5F /* iOS DemoUITests */,
				CD64011A28316D9600B2EA5F /* Products */,
			);
			sourceTree = "<group>";
		};
		CD64011A28316D9600B2EA5F /* Products */ = {
			isa = PBXGroup;
			children = (
				CD64011928316D9600B2EA5F /* iOS Demo.app */,
				CD64012F28316D9700B2EA5F /* iOS DemoTests.xctest */,
				CD64013928316D9800B2EA5F /* iOS DemoUITests.xctest */,
			);
			name = Products;
			sourceTree = "<group>";
		};
		CD64011B28316D9600B2EA5F /* iOS Demo */ = {
			isa = PBXGroup;
			children = (
				CD64011C28316D9600B2EA5F /* AppDelegate.swift */,
				CD64011E28316D9600B2EA5F /* SceneDelegate.swift */,
				CD640174283175AC00B2EA5F /* Account Screen */,
				CD6401672831703900B2EA5F /* Extensions */,
				CD64015D28316F5F00B2EA5F /* SessionManager */,
				CD64015728316F0800B2EA5F /* API */,
				CD64014E28316DF400B2EA5F /* Model */,
				CD64012528316D9700B2EA5F /* Assets.xcassets */,
				CD64012728316D9700B2EA5F /* LaunchScreen.storyboard */,
				CD64012A28316D9700B2EA5F /* Info.plist */,
			);
			path = "iOS Demo";
			sourceTree = "<group>";
		};
		CD64013228316D9700B2EA5F /* iOS DemoTests */ = {
			isa = PBXGroup;
			children = (
				CD64013328316D9700B2EA5F /* iOS_DemoTests.swift */,
			);
			path = "iOS DemoTests";
			sourceTree = "<group>";
		};
		CD64013C28316D9800B2EA5F /* iOS DemoUITests */ = {
			isa = PBXGroup;
			children = (
				CD64013D28316D9800B2EA5F /* iOS_DemoUITests.swift */,
				CD64013F28316D9800B2EA5F /* iOS_DemoUITestsLaunchTests.swift */,
			);
			path = "iOS DemoUITests";
			sourceTree = "<group>";
		};
		CD64014E28316DF400B2EA5F /* Model */ = {
			isa = PBXGroup;
			children = (
				CD64014F28316E3300B2EA5F /* Transaction.swift */,
			);
			path = Model;
			sourceTree = "<group>";
		};
		CD64015728316F0800B2EA5F /* API */ = {
			isa = PBXGroup;
			children = (
				CD64015128316E6600B2EA5F /* API.swift */,
				CD64015828316F1300B2EA5F /* Endpoint.swift */,
				CD64015A28316F2C00B2EA5F /* Model */,
			);
			path = API;
			sourceTree = "<group>";
		};
		CD64015A28316F2C00B2EA5F /* Model */ = {
			isa = PBXGroup;
			children = (
				CD64015B28316F3200B2EA5F /* Session.swift */,
				CD64016028316FA300B2EA5F /* User.swift */,
				CD64016228316FDE00B2EA5F /* KeychainProtocol.swift */,
			);
			path = Model;
			sourceTree = "<group>";
		};
		CD64015D28316F5F00B2EA5F /* SessionManager */ = {
			isa = PBXGroup;
			children = (
				CD64015E28316F6900B2EA5F /* SessionManager.swift */,
			);
			path = SessionManager;
			sourceTree = "<group>";
		};
		CD6401672831703900B2EA5F /* Extensions */ = {
			isa = PBXGroup;
			children = (
				CD6401682831704700B2EA5F /* String+Extensions.swift */,
				CD6401702831757900B2EA5F /* UIViewController+Extensions.swift */,
				CD64016E283174DD00B2EA5F /* Data+Extensions.swift */,
				CD64016A2831706F00B2EA5F /* URLSession+Compatibility.swift */,
				CD64016C2831732000B2EA5F /* URLRequest+cURL.swift */,
				CD64018528318EC900B2EA5F /* UIView+Extensions.swift */,
			);
			path = Extensions;
			sourceTree = "<group>";
		};
		CD640174283175AC00B2EA5F /* Account Screen */ = {
			isa = PBXGroup;
			children = (
				CD64017D283189DB00B2EA5F /* Model */,
				CD64017A283189BF00B2EA5F /* API */,
				CD6401772831896A00B2EA5F /* ViewModel */,
				CD640176283175BD00B2EA5F /* FlowController */,
				CD640175283175B500B2EA5F /* ViewController */,
				CD64018228318E9000B2EA5F /* View */,
			);
			path = "Account Screen";
			sourceTree = "<group>";
		};
		CD640175283175B500B2EA5F /* ViewController */ = {
			isa = PBXGroup;
			children = (
				CD64012028316D9600B2EA5F /* AccountListViewController.swift */,
				CD640172283175A000B2EA5F /* AccountDetailViewController.swift */,
			);
			path = ViewController;
			sourceTree = "<group>";
		};
		CD640176283175BD00B2EA5F /* FlowController */ = {
			isa = PBXGroup;
			children = (
				CD64014C28316DE000B2EA5F /* AccountsFlowController.swift */,
			);
			path = FlowController;
			sourceTree = "<group>";
		};
		CD6401772831896A00B2EA5F /* ViewModel */ = {
			isa = PBXGroup;
			children = (
				CD6401782831897400B2EA5F /* AccountListViewModel.swift */,
				CD64018028318A2E00B2EA5F /* AccountViewModel.swift */,
			);
			path = ViewModel;
			sourceTree = "<group>";
		};
		CD64017A283189BF00B2EA5F /* API */ = {
			isa = PBXGroup;
			children = (
				CD64017B283189C600B2EA5F /* AccountListAPI.swift */,
			);
			path = API;
			sourceTree = "<group>";
		};
		CD64017D283189DB00B2EA5F /* Model */ = {
			isa = PBXGroup;
			children = (
				CD64017E283189E300B2EA5F /* Account.swift */,
			);
			path = Model;
			sourceTree = "<group>";
		};
		CD64018228318E9000B2EA5F /* View */ = {
			isa = PBXGroup;
			children = (
				CD64018328318E9F00B2EA5F /* AccountCollectionViewCell.swift */,
			);
			path = View;
			sourceTree = "<group>";
		};
/* End PBXGroup section */

/* Begin PBXNativeTarget section */
		CD64011828316D9600B2EA5F /* iOS Demo */ = {
			isa = PBXNativeTarget;
			buildConfigurationList = CD64014328316D9800B2EA5F /* Build configuration list for PBXNativeTarget "iOS Demo" */;
			buildPhases = (
				CD64011528316D9600B2EA5F /* Sources */,
				CD64011628316D9600B2EA5F /* Frameworks */,
				CD64011728316D9600B2EA5F /* Resources */,
			);
			buildRules = (
			);
			dependencies = (
			);
			name = "iOS Demo";
			packageProductDependencies = (
				CD6401652831701400B2EA5F /* KeychainAccess */,
			);
			productName = "iOS Demo";
			productReference = CD64011928316D9600B2EA5F /* iOS Demo.app */;
			productType = "com.apple.product-type.application";
		};
		CD64012E28316D9700B2EA5F /* iOS DemoTests */ = {
			isa = PBXNativeTarget;
			buildConfigurationList = CD64014628316D9800B2EA5F /* Build configuration list for PBXNativeTarget "iOS DemoTests" */;
			buildPhases = (
				CD64012B28316D9700B2EA5F /* Sources */,
				CD64012C28316D9700B2EA5F /* Frameworks */,
				CD64012D28316D9700B2EA5F /* Resources */,
			);
			buildRules = (
			);
			dependencies = (
				CD64013128316D9700B2EA5F /* PBXTargetDependency */,
			);
			name = "iOS DemoTests";
			productName = "iOS DemoTests";
			productReference = CD64012F28316D9700B2EA5F /* iOS DemoTests.xctest */;
			productType = "com.apple.product-type.bundle.unit-test";
		};
		CD64013828316D9800B2EA5F /* iOS DemoUITests */ = {
			isa = PBXNativeTarget;
			buildConfigurationList = CD64014928316D9800B2EA5F /* Build configuration list for PBXNativeTarget "iOS DemoUITests" */;
			buildPhases = (
				CD64013528316D9800B2EA5F /* Sources */,
				CD64013628316D9800B2EA5F /* Frameworks */,
				CD64013728316D9800B2EA5F /* Resources */,
			);
			buildRules = (
			);
			dependencies = (
				CD64013B28316D9800B2EA5F /* PBXTargetDependency */,
			);
			name = "iOS DemoUITests";
			productName = "iOS DemoUITests";
			productReference = CD64013928316D9800B2EA5F /* iOS DemoUITests.xctest */;
			productType = "com.apple.product-type.bundle.ui-testing";
		};
/* End PBXNativeTarget section */

/* Begin PBXProject section */
		CD64011128316D9600B2EA5F /* Project object */ = {
			isa = PBXProject;
			attributes = {
				BuildIndependentTargetsInParallel = 1;
				LastSwiftUpdateCheck = 1330;
				LastUpgradeCheck = 1330;
				TargetAttributes = {
					CD64011828316D9600B2EA5F = {
						CreatedOnToolsVersion = 13.3;
					};
					CD64012E28316D9700B2EA5F = {
						CreatedOnToolsVersion = 13.3;
						TestTargetID = CD64011828316D9600B2EA5F;
					};
					CD64013828316D9800B2EA5F = {
						CreatedOnToolsVersion = 13.3;
						TestTargetID = CD64011828316D9600B2EA5F;
					};
				};
			};
			buildConfigurationList = CD64011428316D9600B2EA5F /* Build configuration list for PBXProject "iOS Demo" */;
			compatibilityVersion = "Xcode 13.0";
			developmentRegion = en;
			hasScannedForEncodings = 0;
			knownRegions = (
				en,
				Base,
			);
			mainGroup = CD64011028316D9600B2EA5F;
			packageReferences = (
				CD6401642831701400B2EA5F /* XCRemoteSwiftPackageReference "KeychainAccess" */,
			);
			productRefGroup = CD64011A28316D9600B2EA5F /* Products */;
			projectDirPath = "";
			projectRoot = "";
			targets = (
				CD64011828316D9600B2EA5F /* iOS Demo */,
				CD64012E28316D9700B2EA5F /* iOS DemoTests */,
				CD64013828316D9800B2EA5F /* iOS DemoUITests */,
			);
		};
/* End PBXProject section */

/* Begin PBXResourcesBuildPhase section */
		CD64011728316D9600B2EA5F /* Resources */ = {
			isa = PBXResourcesBuildPhase;
			buildActionMask = 2147483647;
			files = (
				CD64012928316D9700B2EA5F /* LaunchScreen.storyboard in Resources */,
				CD64012628316D9700B2EA5F /* Assets.xcassets in Resources */,
			);
			runOnlyForDeploymentPostprocessing = 0;
		};
		CD64012D28316D9700B2EA5F /* Resources */ = {
			isa = PBXResourcesBuildPhase;
			buildActionMask = 2147483647;
			files = (
			);
			runOnlyForDeploymentPostprocessing = 0;
		};
		CD64013728316D9800B2EA5F /* Resources */ = {
			isa = PBXResourcesBuildPhase;
			buildActionMask = 2147483647;
			files = (
			);
			runOnlyForDeploymentPostprocessing = 0;
		};
/* End PBXResourcesBuildPhase section */

/* Begin PBXSourcesBuildPhase section */
		CD64011528316D9600B2EA5F /* Sources */ = {
			isa = PBXSourcesBuildPhase;
			buildActionMask = 2147483647;
			files = (
				CD64015928316F1300B2EA5F /* Endpoint.swift in Sources */,
				CD64018128318A2E00B2EA5F /* AccountViewModel.swift in Sources */,
				CD640173283175A000B2EA5F /* AccountDetailViewController.swift in Sources */,
				CD64017C283189C600B2EA5F /* AccountListAPI.swift in Sources */,
				CD64012128316D9600B2EA5F /* AccountListViewController.swift in Sources */,
				CD64016D2831732000B2EA5F /* URLRequest+cURL.swift in Sources */,
				CD64018428318E9F00B2EA5F /* AccountCollectionViewCell.swift in Sources */,
				CD64017F283189E300B2EA5F /* Account.swift in Sources */,
				CD64016B2831706F00B2EA5F /* URLSession+Compatibility.swift in Sources */,
				CD64015F28316F6900B2EA5F /* SessionManager.swift in Sources */,
				CD64011D28316D9600B2EA5F /* AppDelegate.swift in Sources */,
				CD6401692831704700B2EA5F /* String+Extensions.swift in Sources */,
				CD64011F28316D9600B2EA5F /* SceneDelegate.swift in Sources */,
				CD64018628318EC900B2EA5F /* UIView+Extensions.swift in Sources */,
				CD64015C28316F3200B2EA5F /* Session.swift in Sources */,
				CD64016F283174DD00B2EA5F /* Data+Extensions.swift in Sources */,
				CD64014D28316DE000B2EA5F /* AccountsFlowController.swift in Sources */,
				CD64015228316E6600B2EA5F /* API.swift in Sources */,
				CD6401712831757900B2EA5F /* UIViewController+Extensions.swift in Sources */,
				CD64016128316FA300B2EA5F /* User.swift in Sources */,
				CD64016328316FDE00B2EA5F /* KeychainProtocol.swift in Sources */,
				CD6401792831897400B2EA5F /* AccountListViewModel.swift in Sources */,
				CD64015028316E3300B2EA5F /* Transaction.swift in Sources */,
			);
			runOnlyForDeploymentPostprocessing = 0;
		};
		CD64012B28316D9700B2EA5F /* Sources */ = {
			isa = PBXSourcesBuildPhase;
			buildActionMask = 2147483647;
			files = (
				CD64013428316D9700B2EA5F /* iOS_DemoTests.swift in Sources */,
			);
			runOnlyForDeploymentPostprocessing = 0;
		};
		CD64013528316D9800B2EA5F /* Sources */ = {
			isa = PBXSourcesBuildPhase;
			buildActionMask = 2147483647;
			files = (
				CD64014028316D9800B2EA5F /* iOS_DemoUITestsLaunchTests.swift in Sources */,
				CD64013E28316D9800B2EA5F /* iOS_DemoUITests.swift in Sources */,
			);
			runOnlyForDeploymentPostprocessing = 0;
		};
/* End PBXSourcesBuildPhase section */

/* Begin PBXTargetDependency section */
		CD64013128316D9700B2EA5F /* PBXTargetDependency */ = {
			isa = PBXTargetDependency;
			target = CD64011828316D9600B2EA5F /* iOS Demo */;
			targetProxy = CD64013028316D9700B2EA5F /* PBXContainerItemProxy */;
		};
		CD64013B28316D9800B2EA5F /* PBXTargetDependency */ = {
			isa = PBXTargetDependency;
			target = CD64011828316D9600B2EA5F /* iOS Demo */;
			targetProxy = CD64013A28316D9800B2EA5F /* PBXContainerItemProxy */;
		};
/* End PBXTargetDependency section */

/* Begin PBXVariantGroup section */
		CD64012728316D9700B2EA5F /* LaunchScreen.storyboard */ = {
			isa = PBXVariantGroup;
			children = (
				CD64012828316D9700B2EA5F /* Base */,
			);
			name = LaunchScreen.storyboard;
			sourceTree = "<group>";
		};
/* End PBXVariantGroup section */

/* Begin XCBuildConfiguration section */
		CD64014128316D9800B2EA5F /* Debug */ = {
			isa = XCBuildConfiguration;
			buildSettings = {
				ALWAYS_SEARCH_USER_PATHS = NO;
				CLANG_ANALYZER_NONNULL = YES;
				CLANG_ANALYZER_NUMBER_OBJECT_CONVERSION = YES_AGGRESSIVE;
				CLANG_CXX_LANGUAGE_STANDARD = "gnu++17";
				CLANG_ENABLE_MODULES = YES;
				CLANG_ENABLE_OBJC_ARC = YES;
				CLANG_ENABLE_OBJC_WEAK = YES;
				CLANG_WARN_BLOCK_CAPTURE_AUTORELEASING = YES;
				CLANG_WARN_BOOL_CONVERSION = YES;
				CLANG_WARN_COMMA = YES;
				CLANG_WARN_CONSTANT_CONVERSION = YES;
				CLANG_WARN_DEPRECATED_OBJC_IMPLEMENTATIONS = YES;
				CLANG_WARN_DIRECT_OBJC_ISA_USAGE = YES_ERROR;
				CLANG_WARN_DOCUMENTATION_COMMENTS = YES;
				CLANG_WARN_EMPTY_BODY = YES;
				CLANG_WARN_ENUM_CONVERSION = YES;
				CLANG_WARN_INFINITE_RECURSION = YES;
				CLANG_WARN_INT_CONVERSION = YES;
				CLANG_WARN_NON_LITERAL_NULL_CONVERSION = YES;
				CLANG_WARN_OBJC_IMPLICIT_RETAIN_SELF = YES;
				CLANG_WARN_OBJC_LITERAL_CONVERSION = YES;
				CLANG_WARN_OBJC_ROOT_CLASS = YES_ERROR;
				CLANG_WARN_QUOTED_INCLUDE_IN_FRAMEWORK_HEADER = YES;
				CLANG_WARN_RANGE_LOOP_ANALYSIS = YES;
				CLANG_WARN_STRICT_PROTOTYPES = YES;
				CLANG_WARN_SUSPICIOUS_MOVE = YES;
				CLANG_WARN_UNGUARDED_AVAILABILITY = YES_AGGRESSIVE;
				CLANG_WARN_UNREACHABLE_CODE = YES;
				CLANG_WARN__DUPLICATE_METHOD_MATCH = YES;
				COPY_PHASE_STRIP = NO;
				DEBUG_INFORMATION_FORMAT = dwarf;
				ENABLE_STRICT_OBJC_MSGSEND = YES;
				ENABLE_TESTABILITY = YES;
				GCC_C_LANGUAGE_STANDARD = gnu11;
				GCC_DYNAMIC_NO_PIC = NO;
				GCC_NO_COMMON_BLOCKS = YES;
				GCC_OPTIMIZATION_LEVEL = 0;
				GCC_PREPROCESSOR_DEFINITIONS = (
					"DEBUG=1",
					"$(inherited)",
				);
				GCC_WARN_64_TO_32_BIT_CONVERSION = YES;
				GCC_WARN_ABOUT_RETURN_TYPE = YES_ERROR;
				GCC_WARN_UNDECLARED_SELECTOR = YES;
				GCC_WARN_UNINITIALIZED_AUTOS = YES_AGGRESSIVE;
				GCC_WARN_UNUSED_FUNCTION = YES;
				GCC_WARN_UNUSED_VARIABLE = YES;
				IPHONEOS_DEPLOYMENT_TARGET = 15.4;
				MTL_ENABLE_DEBUG_INFO = INCLUDE_SOURCE;
				MTL_FAST_MATH = YES;
				ONLY_ACTIVE_ARCH = YES;
				SDKROOT = iphoneos;
				SWIFT_ACTIVE_COMPILATION_CONDITIONS = DEBUG;
				SWIFT_OPTIMIZATION_LEVEL = "-Onone";
			};
			name = Debug;
		};
		CD64014228316D9800B2EA5F /* Release */ = {
			isa = XCBuildConfiguration;
			buildSettings = {
				ALWAYS_SEARCH_USER_PATHS = NO;
				CLANG_ANALYZER_NONNULL = YES;
				CLANG_ANALYZER_NUMBER_OBJECT_CONVERSION = YES_AGGRESSIVE;
				CLANG_CXX_LANGUAGE_STANDARD = "gnu++17";
				CLANG_ENABLE_MODULES = YES;
				CLANG_ENABLE_OBJC_ARC = YES;
				CLANG_ENABLE_OBJC_WEAK = YES;
				CLANG_WARN_BLOCK_CAPTURE_AUTORELEASING = YES;
				CLANG_WARN_BOOL_CONVERSION = YES;
				CLANG_WARN_COMMA = YES;
				CLANG_WARN_CONSTANT_CONVERSION = YES;
				CLANG_WARN_DEPRECATED_OBJC_IMPLEMENTATIONS = YES;
				CLANG_WARN_DIRECT_OBJC_ISA_USAGE = YES_ERROR;
				CLANG_WARN_DOCUMENTATION_COMMENTS = YES;
				CLANG_WARN_EMPTY_BODY = YES;
				CLANG_WARN_ENUM_CONVERSION = YES;
				CLANG_WARN_INFINITE_RECURSION = YES;
				CLANG_WARN_INT_CONVERSION = YES;
				CLANG_WARN_NON_LITERAL_NULL_CONVERSION = YES;
				CLANG_WARN_OBJC_IMPLICIT_RETAIN_SELF = YES;
				CLANG_WARN_OBJC_LITERAL_CONVERSION = YES;
				CLANG_WARN_OBJC_ROOT_CLASS = YES_ERROR;
				CLANG_WARN_QUOTED_INCLUDE_IN_FRAMEWORK_HEADER = YES;
				CLANG_WARN_RANGE_LOOP_ANALYSIS = YES;
				CLANG_WARN_STRICT_PROTOTYPES = YES;
				CLANG_WARN_SUSPICIOUS_MOVE = YES;
				CLANG_WARN_UNGUARDED_AVAILABILITY = YES_AGGRESSIVE;
				CLANG_WARN_UNREACHABLE_CODE = YES;
				CLANG_WARN__DUPLICATE_METHOD_MATCH = YES;
				COPY_PHASE_STRIP = NO;
				DEBUG_INFORMATION_FORMAT = "dwarf-with-dsym";
				ENABLE_NS_ASSERTIONS = NO;
				ENABLE_STRICT_OBJC_MSGSEND = YES;
				GCC_C_LANGUAGE_STANDARD = gnu11;
				GCC_NO_COMMON_BLOCKS = YES;
				GCC_WARN_64_TO_32_BIT_CONVERSION = YES;
				GCC_WARN_ABOUT_RETURN_TYPE = YES_ERROR;
				GCC_WARN_UNDECLARED_SELECTOR = YES;
				GCC_WARN_UNINITIALIZED_AUTOS = YES_AGGRESSIVE;
				GCC_WARN_UNUSED_FUNCTION = YES;
				GCC_WARN_UNUSED_VARIABLE = YES;
				IPHONEOS_DEPLOYMENT_TARGET = 15.4;
				MTL_ENABLE_DEBUG_INFO = NO;
				MTL_FAST_MATH = YES;
				SDKROOT = iphoneos;
				SWIFT_COMPILATION_MODE = wholemodule;
				SWIFT_OPTIMIZATION_LEVEL = "-O";
				VALIDATE_PRODUCT = YES;
			};
			name = Release;
		};
		CD64014428316D9800B2EA5F /* Debug */ = {
			isa = XCBuildConfiguration;
			buildSettings = {
				ASSETCATALOG_COMPILER_APPICON_NAME = AppIcon;
				ASSETCATALOG_COMPILER_GLOBAL_ACCENT_COLOR_NAME = AccentColor;
				CODE_SIGN_STYLE = Automatic;
				CURRENT_PROJECT_VERSION = 1;
				DEVELOPMENT_TEAM = D6W66G49J8;
				GENERATE_INFOPLIST_FILE = YES;
				INFOPLIST_FILE = "iOS Demo/Info.plist";
				INFOPLIST_KEY_UIApplicationSupportsIndirectInputEvents = YES;
				INFOPLIST_KEY_UILaunchStoryboardName = LaunchScreen;
				INFOPLIST_KEY_UISupportedInterfaceOrientations_iPad = "UIInterfaceOrientationPortrait UIInterfaceOrientationPortraitUpsideDown UIInterfaceOrientationLandscapeLeft UIInterfaceOrientationLandscapeRight";
				INFOPLIST_KEY_UISupportedInterfaceOrientations_iPhone = "UIInterfaceOrientationPortrait UIInterfaceOrientationLandscapeLeft UIInterfaceOrientationLandscapeRight";
				LD_RUNPATH_SEARCH_PATHS = (
					"$(inherited)",
					"@executable_path/Frameworks",
				);
				MARKETING_VERSION = 1.0;
				PRODUCT_BUNDLE_IDENTIFIER = "com.moosa.iOS-Demo";
				PRODUCT_NAME = "$(TARGET_NAME)";
				SWIFT_EMIT_LOC_STRINGS = YES;
				SWIFT_VERSION = 5.0;
				TARGETED_DEVICE_FAMILY = "1,2";
			};
			name = Debug;
		};
		CD64014528316D9800B2EA5F /* Release */ = {
			isa = XCBuildConfiguration;
			buildSettings = {
				ASSETCATALOG_COMPILER_APPICON_NAME = AppIcon;
				ASSETCATALOG_COMPILER_GLOBAL_ACCENT_COLOR_NAME = AccentColor;
				CODE_SIGN_STYLE = Automatic;
				CURRENT_PROJECT_VERSION = 1;
				DEVELOPMENT_TEAM = D6W66G49J8;
				GENERATE_INFOPLIST_FILE = YES;
				INFOPLIST_FILE = "iOS Demo/Info.plist";
				INFOPLIST_KEY_UIApplicationSupportsIndirectInputEvents = YES;
				INFOPLIST_KEY_UILaunchStoryboardName = LaunchScreen;
				INFOPLIST_KEY_UISupportedInterfaceOrientations_iPad = "UIInterfaceOrientationPortrait UIInterfaceOrientationPortraitUpsideDown UIInterfaceOrientationLandscapeLeft UIInterfaceOrientationLandscapeRight";
				INFOPLIST_KEY_UISupportedInterfaceOrientations_iPhone = "UIInterfaceOrientationPortrait UIInterfaceOrientationLandscapeLeft UIInterfaceOrientationLandscapeRight";
				LD_RUNPATH_SEARCH_PATHS = (
					"$(inherited)",
					"@executable_path/Frameworks",
				);
				MARKETING_VERSION = 1.0;
				PRODUCT_BUNDLE_IDENTIFIER = "com.moosa.iOS-Demo";
				PRODUCT_NAME = "$(TARGET_NAME)";
				SWIFT_EMIT_LOC_STRINGS = YES;
				SWIFT_VERSION = 5.0;
				TARGETED_DEVICE_FAMILY = "1,2";
			};
			name = Release;
		};
		CD64014728316D9800B2EA5F /* Debug */ = {
			isa = XCBuildConfiguration;
			buildSettings = {
				ALWAYS_EMBED_SWIFT_STANDARD_LIBRARIES = YES;
				BUNDLE_LOADER = "$(TEST_HOST)";
				CODE_SIGN_STYLE = Automatic;
				CURRENT_PROJECT_VERSION = 1;
				DEVELOPMENT_TEAM = D6W66G49J8;
				GENERATE_INFOPLIST_FILE = YES;
				IPHONEOS_DEPLOYMENT_TARGET = 15.4;
				MARKETING_VERSION = 1.0;
				PRODUCT_BUNDLE_IDENTIFIER = "com.moosa.iOS-DemoTests";
				PRODUCT_NAME = "$(TARGET_NAME)";
				SWIFT_EMIT_LOC_STRINGS = NO;
				SWIFT_VERSION = 5.0;
				TARGETED_DEVICE_FAMILY = "1,2";
				TEST_HOST = "$(BUILT_PRODUCTS_DIR)/iOS Demo.app/iOS Demo";
			};
			name = Debug;
		};
		CD64014828316D9800B2EA5F /* Release */ = {
			isa = XCBuildConfiguration;
			buildSettings = {
				ALWAYS_EMBED_SWIFT_STANDARD_LIBRARIES = YES;
				BUNDLE_LOADER = "$(TEST_HOST)";
				CODE_SIGN_STYLE = Automatic;
				CURRENT_PROJECT_VERSION = 1;
				DEVELOPMENT_TEAM = D6W66G49J8;
				GENERATE_INFOPLIST_FILE = YES;
				IPHONEOS_DEPLOYMENT_TARGET = 15.4;
				MARKETING_VERSION = 1.0;
				PRODUCT_BUNDLE_IDENTIFIER = "com.moosa.iOS-DemoTests";
				PRODUCT_NAME = "$(TARGET_NAME)";
				SWIFT_EMIT_LOC_STRINGS = NO;
				SWIFT_VERSION = 5.0;
				TARGETED_DEVICE_FAMILY = "1,2";
				TEST_HOST = "$(BUILT_PRODUCTS_DIR)/iOS Demo.app/iOS Demo";
			};
			name = Release;
		};
		CD64014A28316D9800B2EA5F /* Debug */ = {
			isa = XCBuildConfiguration;
			buildSettings = {
				ALWAYS_EMBED_SWIFT_STANDARD_LIBRARIES = YES;
				CODE_SIGN_STYLE = Automatic;
				CURRENT_PROJECT_VERSION = 1;
				DEVELOPMENT_TEAM = D6W66G49J8;
				GENERATE_INFOPLIST_FILE = YES;
				MARKETING_VERSION = 1.0;
				PRODUCT_BUNDLE_IDENTIFIER = "com.moosa.iOS-DemoUITests";
				PRODUCT_NAME = "$(TARGET_NAME)";
				SWIFT_EMIT_LOC_STRINGS = NO;
				SWIFT_VERSION = 5.0;
				TARGETED_DEVICE_FAMILY = "1,2";
				TEST_TARGET_NAME = "iOS Demo";
			};
			name = Debug;
		};
		CD64014B28316D9800B2EA5F /* Release */ = {
			isa = XCBuildConfiguration;
			buildSettings = {
				ALWAYS_EMBED_SWIFT_STANDARD_LIBRARIES = YES;
				CODE_SIGN_STYLE = Automatic;
				CURRENT_PROJECT_VERSION = 1;
				DEVELOPMENT_TEAM = D6W66G49J8;
				GENERATE_INFOPLIST_FILE = YES;
				MARKETING_VERSION = 1.0;
				PRODUCT_BUNDLE_IDENTIFIER = "com.moosa.iOS-DemoUITests";
				PRODUCT_NAME = "$(TARGET_NAME)";
				SWIFT_EMIT_LOC_STRINGS = NO;
				SWIFT_VERSION = 5.0;
				TARGETED_DEVICE_FAMILY = "1,2";
				TEST_TARGET_NAME = "iOS Demo";
			};
			name = Release;
		};
/* End XCBuildConfiguration section */

/* Begin XCConfigurationList section */
		CD64011428316D9600B2EA5F /* Build configuration list for PBXProject "iOS Demo" */ = {
			isa = XCConfigurationList;
			buildConfigurations = (
				CD64014128316D9800B2EA5F /* Debug */,
				CD64014228316D9800B2EA5F /* Release */,
			);
			defaultConfigurationIsVisible = 0;
			defaultConfigurationName = Release;
		};
		CD64014328316D9800B2EA5F /* Build configuration list for PBXNativeTarget "iOS Demo" */ = {
			isa = XCConfigurationList;
			buildConfigurations = (
				CD64014428316D9800B2EA5F /* Debug */,
				CD64014528316D9800B2EA5F /* Release */,
			);
			defaultConfigurationIsVisible = 0;
			defaultConfigurationName = Release;
		};
		CD64014628316D9800B2EA5F /* Build configuration list for PBXNativeTarget "iOS DemoTests" */ = {
			isa = XCConfigurationList;
			buildConfigurations = (
				CD64014728316D9800B2EA5F /* Debug */,
				CD64014828316D9800B2EA5F /* Release */,
			);
			defaultConfigurationIsVisible = 0;
			defaultConfigurationName = Release;
		};
		CD64014928316D9800B2EA5F /* Build configuration list for PBXNativeTarget "iOS DemoUITests" */ = {
			isa = XCConfigurationList;
			buildConfigurations = (
				CD64014A28316D9800B2EA5F /* Debug */,
				CD64014B28316D9800B2EA5F /* Release */,
			);
			defaultConfigurationIsVisible = 0;
			defaultConfigurationName = Release;
		};
/* End XCConfigurationList section */

/* Begin XCRemoteSwiftPackageReference section */
		CD6401642831701400B2EA5F /* XCRemoteSwiftPackageReference "KeychainAccess" */ = {
			isa = XCRemoteSwiftPackageReference;
			repositoryURL = "https://github.com/kishikawakatsumi/KeychainAccess.git";
			requirement = {
				kind = upToNextMajorVersion;
				minimumVersion = 4.2.2;
			};
		};
/* End XCRemoteSwiftPackageReference section */

/* Begin XCSwiftPackageProductDependency section */
		CD6401652831701400B2EA5F /* KeychainAccess */ = {
			isa = XCSwiftPackageProductDependency;
			package = CD6401642831701400B2EA5F /* XCRemoteSwiftPackageReference "KeychainAccess" */;
			productName = KeychainAccess;
		};
/* End XCSwiftPackageProductDependency section */
	};
	rootObject = CD64011128316D9600B2EA5F /* Project object */;
}
